Microsoft Visual Studio Solution File, Format Version 10.00
# Visual Studio 2008
Project("{FAE04EC0-301F-11D3-BF4B-00C04F79EFBC}") = "MfGames.Utility", "MfGames.Utility.csproj", "{60CD8BA2-8BD5-41F0-9BD2-5731CB33A740}"
EndProject
Global
	GlobalSection(SolutionConfigurationPlatforms) = preSolution
		Debug|Any CPU = Debug|Any CPU
		Release|Any CPU = Release|Any CPU
	EndGlobalSection
	GlobalSection(ProjectConfigurationPlatforms) = postSolution
		{60CD8BA2-8BD5-41F0-9BD2-5731CB33A740}.Debug|Any CPU.ActiveCfg = Debug|Any CPU
		{60CD8BA2-8BD5-41F0-9BD2-5731CB33A740}.Debug|Any CPU.Build.0 = Debug|Any CPU
		{60CD8BA2-8BD5-41F0-9BD2-5731CB33A740}.Release|Any CPU.ActiveCfg = Release|Any CPU
		{60CD8BA2-8BD5-41F0-9BD2-5731CB33A740}.Release|Any CPU.Build.0 = Release|Any CPU
	EndGlobalSection
	GlobalSection(SolutionProperties) = preSolution
		HideSolutionNode = FALSE
	EndGlobalSection
EndGlobal
