
Microsoft Visual Studio Solution File, Format Version 10.00
# Visual Studio 2008
Project("{E24C65DC-7377-472B-9ABA-BC803B73C61A}") = "TribalWars", "TribalWars\", "{B9AEB5FC-45B0-4F4B-9737-AC40FCF5C4AA}"
	ProjectSection(WebsiteProperties) = preProject
		TargetFramework = "3.5"
		ProjectReferences = ""
		Debug.AspNetCompiler.VirtualPath = "/TribalWars"
		Debug.AspNetCompiler.PhysicalPath = "TribalWars\"
		Debug.AspNetCompiler.TargetPath = "PrecompiledWeb\TribalWars\"
		Debug.AspNetCompiler.Updateable = "true"
		Debug.AspNetCompiler.ForceOverwrite = "true"
		Debug.AspNetCompiler.FixedNames = "false"
		Debug.AspNetCompiler.Debug = "True"
		Release.AspNetCompiler.VirtualPath = "/TribalWars"
		Release.AspNetCompiler.PhysicalPath = "TribalWars\"
		Release.AspNetCompiler.TargetPath = "PrecompiledWeb\TribalWars\"
		Release.AspNetCompiler.Updateable = "true"
		Release.AspNetCompiler.ForceOverwrite = "true"
		Release.AspNetCompiler.FixedNames = "false"
		Release.AspNetCompiler.Debug = "False"
		VWDPort = "1341"
	EndProjectSection
EndProject
Global
	GlobalSection(SolutionConfigurationPlatforms) = preSolution
		Debug|.NET = Debug|.NET
		Debug|Any CPU = Debug|Any CPU
		Debug|Mixed Platforms = Debug|Mixed Platforms
		Release|.NET = Release|.NET
		Release|Any CPU = Release|Any CPU
		Release|Mixed Platforms = Release|Mixed Platforms
	EndGlobalSection
	GlobalSection(ProjectConfigurationPlatforms) = postSolution
		{B9AEB5FC-45B0-4F4B-9737-AC40FCF5C4AA}.Debug|.NET.ActiveCfg = Debug|.NET
		{B9AEB5FC-45B0-4F4B-9737-AC40FCF5C4AA}.Debug|.NET.Build.0 = Debug|.NET
		{B9AEB5FC-45B0-4F4B-9737-AC40FCF5C4AA}.Debug|Any CPU.ActiveCfg = Debug|.NET
		{B9AEB5FC-45B0-4F4B-9737-AC40FCF5C4AA}.Debug|Mixed Platforms.ActiveCfg = Debug|.NET
		{B9AEB5FC-45B0-4F4B-9737-AC40FCF5C4AA}.Debug|Mixed Platforms.Build.0 = Debug|.NET
		{B9AEB5FC-45B0-4F4B-9737-AC40FCF5C4AA}.Release|.NET.ActiveCfg = Debug|.NET
		{B9AEB5FC-45B0-4F4B-9737-AC40FCF5C4AA}.Release|.NET.Build.0 = Debug|.NET
		{B9AEB5FC-45B0-4F4B-9737-AC40FCF5C4AA}.Release|Any CPU.ActiveCfg = Debug|.NET
		{B9AEB5FC-45B0-4F4B-9737-AC40FCF5C4AA}.Release|Mixed Platforms.ActiveCfg = Debug|.NET
		{B9AEB5FC-45B0-4F4B-9737-AC40FCF5C4AA}.Release|Mixed Platforms.Build.0 = Debug|.NET
	EndGlobalSection
	GlobalSection(SolutionProperties) = preSolution
		HideSolutionNode = FALSE
	EndGlobalSection
EndGlobal
