
Microsoft Visual Studio Solution File, Format Version 10.00
# Visual Studio 2008
Project("{E24C65DC-7377-472B-9ABA-BC803B73C61A}") = "TribalWars", "TribalWars\", "{B9AEB5FC-45B0-4F4B-9737-AC40FCF5C4AA}"
	ProjectSection(WebsiteProperties) = preProject
		TargetFramework = "3.5"
		Debug.AspNetCompiler.VirtualPath = "/TribalWars"
		Debug.AspNetCompiler.PhysicalPath = "E:\tw\TribalWars\"
		Debug.AspNetCompiler.TargetPath = "PrecompiledWeb\TribalWars\"
		Debug.AspNetCompiler.Updateable = "true"
		Debug.AspNetCompiler.ForceOverwrite = "true"
		Debug.AspNetCompiler.FixedNames = "false"
		Debug.AspNetCompiler.Debug = "True"
		Release.AspNetCompiler.VirtualPath = "/TribalWars"
		Release.AspNetCompiler.PhysicalPath = "E:\tw\TribalWars\"
		Release.AspNetCompiler.TargetPath = "PrecompiledWeb\TribalWars\"
		Release.AspNetCompiler.Updateable = "true"
		Release.AspNetCompiler.ForceOverwrite = "true"
		Release.AspNetCompiler.FixedNames = "false"
		Release.AspNetCompiler.Debug = "False"
		VWDPort = "2063"
	EndProjectSection
EndProject
Project("{E24C65DC-7377-472B-9ABA-BC803B73C61A}") = "DataLayer", "DataLayer\", "{D8EB87E8-D3B1-4722-B9B5-5631DDD2C4A8}"
	ProjectSection(WebsiteProperties) = preProject
		TargetFramework = "3.5"
		Debug.AspNetCompiler.VirtualPath = "/DataLayer"
		Debug.AspNetCompiler.PhysicalPath = "E:\tw\DataLayer\"
		Debug.AspNetCompiler.TargetPath = "PrecompiledWeb\DataLayer\"
		Debug.AspNetCompiler.Updateable = "true"
		Debug.AspNetCompiler.ForceOverwrite = "true"
		Debug.AspNetCompiler.FixedNames = "false"
		Debug.AspNetCompiler.Debug = "True"
		Release.AspNetCompiler.VirtualPath = "/DataLayer"
		Release.AspNetCompiler.PhysicalPath = "E:\tw\DataLayer\"
		Release.AspNetCompiler.TargetPath = "PrecompiledWeb\DataLayer\"
		Release.AspNetCompiler.Updateable = "true"
		Release.AspNetCompiler.ForceOverwrite = "true"
		Release.AspNetCompiler.FixedNames = "false"
		Release.AspNetCompiler.Debug = "False"
		VWDPort = "2064"
	EndProjectSection
EndProject
Project("{E24C65DC-7377-472B-9ABA-BC803B73C61A}") = "BusinessLayer", "BusinessLayer\", "{88118823-2D5A-4899-9A85-801F7F260918}"
	ProjectSection(WebsiteProperties) = preProject
		TargetFramework = "3.5"
		Debug.AspNetCompiler.VirtualPath = "/BusinessLayer"
		Debug.AspNetCompiler.PhysicalPath = "E:\tw\BusinessLayer\"
		Debug.AspNetCompiler.TargetPath = "PrecompiledWeb\BusinessLayer\"
		Debug.AspNetCompiler.Updateable = "true"
		Debug.AspNetCompiler.ForceOverwrite = "true"
		Debug.AspNetCompiler.FixedNames = "false"
		Debug.AspNetCompiler.Debug = "True"
		Release.AspNetCompiler.VirtualPath = "/BusinessLayer"
		Release.AspNetCompiler.PhysicalPath = "E:\tw\BusinessLayer\"
		Release.AspNetCompiler.TargetPath = "PrecompiledWeb\BusinessLayer\"
		Release.AspNetCompiler.Updateable = "true"
		Release.AspNetCompiler.ForceOverwrite = "true"
		Release.AspNetCompiler.FixedNames = "false"
		Release.AspNetCompiler.Debug = "False"
		VWDPort = "2065"
	EndProjectSection
EndProject
Global
	GlobalSection(SolutionConfigurationPlatforms) = preSolution
		Debug|.NET = Debug|.NET
	EndGlobalSection
	GlobalSection(ProjectConfigurationPlatforms) = postSolution
		{B9AEB5FC-45B0-4F4B-9737-AC40FCF5C4AA}.Debug|.NET.ActiveCfg = Debug|.NET
		{B9AEB5FC-45B0-4F4B-9737-AC40FCF5C4AA}.Debug|.NET.Build.0 = Debug|.NET
		{D8EB87E8-D3B1-4722-B9B5-5631DDD2C4A8}.Debug|.NET.ActiveCfg = Debug|.NET
		{D8EB87E8-D3B1-4722-B9B5-5631DDD2C4A8}.Debug|.NET.Build.0 = Debug|.NET
		{88118823-2D5A-4899-9A85-801F7F260918}.Debug|.NET.ActiveCfg = Debug|.NET
		{88118823-2D5A-4899-9A85-801F7F260918}.Debug|.NET.Build.0 = Debug|.NET
	EndGlobalSection
	GlobalSection(SolutionProperties) = preSolution
		HideSolutionNode = FALSE
	EndGlobalSection
EndGlobal
