
Microsoft Visual Studio Solution File, Format Version 10.00
# Visual Studio 2008
Project("{FAE04EC0-301F-11D3-BF4B-00C04F79EFBC}") = "Beans", "ClassLibrary1\Beans.csproj", "{774F5470-2180-41FA-979A-FB27F8CEDB86}"
EndProject
Project("{E24C65DC-7377-472B-9ABA-BC803B73C61A}") = "BusinessLayer", "..\..\..\..\Visual Studio 2008\WebSites\BusinessLayer\", "{425B8041-5512-40FC-AB84-D447628BCDFF}"
	ProjectSection(WebsiteProperties) = preProject
		TargetFramework = "3.5"
		ProjectReferences = "{774F5470-2180-41FA-979A-FB27F8CEDB86}|Beans.dll;"
		Debug.AspNetCompiler.VirtualPath = "/BusinessLayer"
		Debug.AspNetCompiler.PhysicalPath = "..\..\..\..\Visual Studio 2008\WebSites\BusinessLayer\"
		Debug.AspNetCompiler.TargetPath = "PrecompiledWeb\BusinessLayer\"
		Debug.AspNetCompiler.Updateable = "true"
		Debug.AspNetCompiler.ForceOverwrite = "true"
		Debug.AspNetCompiler.FixedNames = "false"
		Debug.AspNetCompiler.Debug = "True"
		Release.AspNetCompiler.VirtualPath = "/BusinessLayer"
		Release.AspNetCompiler.PhysicalPath = "..\..\..\..\Visual Studio 2008\WebSites\BusinessLayer\"
		Release.AspNetCompiler.TargetPath = "PrecompiledWeb\BusinessLayer\"
		Release.AspNetCompiler.Updateable = "true"
		Release.AspNetCompiler.ForceOverwrite = "true"
		Release.AspNetCompiler.FixedNames = "false"
		Release.AspNetCompiler.Debug = "False"
		VWDPort = "3868"
		DefaultWebSiteLanguage = "Visual C#"
	EndProjectSection
EndProject
Project("{E24C65DC-7377-472B-9ABA-BC803B73C61A}") = "DataLayer", "..\..\..\..\Visual Studio 2008\WebSites\DataLayer\", "{1FDE7412-252D-478B-B16F-31CF9623D0F1}"
	ProjectSection(WebsiteProperties) = preProject
		TargetFramework = "3.5"
		ProjectReferences = "{774F5470-2180-41FA-979A-FB27F8CEDB86}|Beans.dll;"
		Debug.AspNetCompiler.VirtualPath = "/DataLayer"
		Debug.AspNetCompiler.PhysicalPath = "..\..\..\..\Visual Studio 2008\WebSites\DataLayer\"
		Debug.AspNetCompiler.TargetPath = "PrecompiledWeb\DataLayer\"
		Debug.AspNetCompiler.Updateable = "true"
		Debug.AspNetCompiler.ForceOverwrite = "true"
		Debug.AspNetCompiler.FixedNames = "false"
		Debug.AspNetCompiler.Debug = "True"
		Release.AspNetCompiler.VirtualPath = "/DataLayer"
		Release.AspNetCompiler.PhysicalPath = "..\..\..\..\Visual Studio 2008\WebSites\DataLayer\"
		Release.AspNetCompiler.TargetPath = "PrecompiledWeb\DataLayer\"
		Release.AspNetCompiler.Updateable = "true"
		Release.AspNetCompiler.ForceOverwrite = "true"
		Release.AspNetCompiler.FixedNames = "false"
		Release.AspNetCompiler.Debug = "False"
		VWDPort = "3909"
		DefaultWebSiteLanguage = "Visual C#"
	EndProjectSection
EndProject
Project("{E24C65DC-7377-472B-9ABA-BC803B73C61A}") = "TribalWars", "..\..\TribalWars\", "{350594A0-0C6F-49F2-A393-4EE7158F6C77}"
	ProjectSection(WebsiteProperties) = preProject
		TargetFramework = "3.5"
		ProjectReferences = "{774F5470-2180-41FA-979A-FB27F8CEDB86}|Beans.dll;"
		Debug.AspNetCompiler.VirtualPath = "/TribalWars"
		Debug.AspNetCompiler.PhysicalPath = "..\..\TribalWars\"
		Debug.AspNetCompiler.TargetPath = "PrecompiledWeb\TribalWars\"
		Debug.AspNetCompiler.Updateable = "true"
		Debug.AspNetCompiler.ForceOverwrite = "true"
		Debug.AspNetCompiler.FixedNames = "false"
		Debug.AspNetCompiler.Debug = "True"
		Release.AspNetCompiler.VirtualPath = "/TribalWars"
		Release.AspNetCompiler.PhysicalPath = "..\..\TribalWars\"
		Release.AspNetCompiler.TargetPath = "PrecompiledWeb\TribalWars\"
		Release.AspNetCompiler.Updateable = "true"
		Release.AspNetCompiler.ForceOverwrite = "true"
		Release.AspNetCompiler.FixedNames = "false"
		Release.AspNetCompiler.Debug = "False"
		VWDPort = "1543"
	EndProjectSection
EndProject
Global
	GlobalSection(SolutionConfigurationPlatforms) = preSolution
		Debug|.NET = Debug|.NET
		Debug|Any CPU = Debug|Any CPU
		Debug|Mixed Platforms = Debug|Mixed Platforms
		Release|.NET = Release|.NET
		Release|Any CPU = Release|Any CPU
		Release|Mixed Platforms = Release|Mixed Platforms
	EndGlobalSection
	GlobalSection(ProjectConfigurationPlatforms) = postSolution
		{774F5470-2180-41FA-979A-FB27F8CEDB86}.Debug|.NET.ActiveCfg = Debug|Any CPU
		{774F5470-2180-41FA-979A-FB27F8CEDB86}.Debug|Any CPU.ActiveCfg = Debug|Any CPU
		{774F5470-2180-41FA-979A-FB27F8CEDB86}.Debug|Any CPU.Build.0 = Debug|Any CPU
		{774F5470-2180-41FA-979A-FB27F8CEDB86}.Debug|Mixed Platforms.ActiveCfg = Debug|Any CPU
		{774F5470-2180-41FA-979A-FB27F8CEDB86}.Debug|Mixed Platforms.Build.0 = Debug|Any CPU
		{774F5470-2180-41FA-979A-FB27F8CEDB86}.Release|.NET.ActiveCfg = Release|Any CPU
		{774F5470-2180-41FA-979A-FB27F8CEDB86}.Release|Any CPU.ActiveCfg = Release|Any CPU
		{774F5470-2180-41FA-979A-FB27F8CEDB86}.Release|Any CPU.Build.0 = Release|Any CPU
		{774F5470-2180-41FA-979A-FB27F8CEDB86}.Release|Mixed Platforms.ActiveCfg = Release|Any CPU
		{774F5470-2180-41FA-979A-FB27F8CEDB86}.Release|Mixed Platforms.Build.0 = Release|Any CPU
		{425B8041-5512-40FC-AB84-D447628BCDFF}.Debug|.NET.ActiveCfg = Debug|.NET
		{425B8041-5512-40FC-AB84-D447628BCDFF}.Debug|.NET.Build.0 = Debug|.NET
		{425B8041-5512-40FC-AB84-D447628BCDFF}.Debug|Any CPU.ActiveCfg = Debug|.NET
		{425B8041-5512-40FC-AB84-D447628BCDFF}.Debug|Mixed Platforms.ActiveCfg = Debug|.NET
		{425B8041-5512-40FC-AB84-D447628BCDFF}.Debug|Mixed Platforms.Build.0 = Debug|.NET
		{425B8041-5512-40FC-AB84-D447628BCDFF}.Release|.NET.ActiveCfg = Debug|.NET
		{425B8041-5512-40FC-AB84-D447628BCDFF}.Release|.NET.Build.0 = Debug|.NET
		{425B8041-5512-40FC-AB84-D447628BCDFF}.Release|Any CPU.ActiveCfg = Debug|.NET
		{425B8041-5512-40FC-AB84-D447628BCDFF}.Release|Mixed Platforms.ActiveCfg = Debug|.NET
		{425B8041-5512-40FC-AB84-D447628BCDFF}.Release|Mixed Platforms.Build.0 = Debug|.NET
		{1FDE7412-252D-478B-B16F-31CF9623D0F1}.Debug|.NET.ActiveCfg = Debug|.NET
		{1FDE7412-252D-478B-B16F-31CF9623D0F1}.Debug|.NET.Build.0 = Debug|.NET
		{1FDE7412-252D-478B-B16F-31CF9623D0F1}.Debug|Any CPU.ActiveCfg = Debug|.NET
		{1FDE7412-252D-478B-B16F-31CF9623D0F1}.Debug|Mixed Platforms.ActiveCfg = Debug|.NET
		{1FDE7412-252D-478B-B16F-31CF9623D0F1}.Debug|Mixed Platforms.Build.0 = Debug|.NET
		{1FDE7412-252D-478B-B16F-31CF9623D0F1}.Release|.NET.ActiveCfg = Debug|.NET
		{1FDE7412-252D-478B-B16F-31CF9623D0F1}.Release|.NET.Build.0 = Debug|.NET
		{1FDE7412-252D-478B-B16F-31CF9623D0F1}.Release|Any CPU.ActiveCfg = Debug|.NET
		{1FDE7412-252D-478B-B16F-31CF9623D0F1}.Release|Mixed Platforms.ActiveCfg = Debug|.NET
		{1FDE7412-252D-478B-B16F-31CF9623D0F1}.Release|Mixed Platforms.Build.0 = Debug|.NET
		{350594A0-0C6F-49F2-A393-4EE7158F6C77}.Debug|.NET.ActiveCfg = Debug|.NET
		{350594A0-0C6F-49F2-A393-4EE7158F6C77}.Debug|.NET.Build.0 = Debug|.NET
		{350594A0-0C6F-49F2-A393-4EE7158F6C77}.Debug|Any CPU.ActiveCfg = Debug|.NET
		{350594A0-0C6F-49F2-A393-4EE7158F6C77}.Debug|Mixed Platforms.ActiveCfg = Debug|.NET
		{350594A0-0C6F-49F2-A393-4EE7158F6C77}.Debug|Mixed Platforms.Build.0 = Debug|.NET
		{350594A0-0C6F-49F2-A393-4EE7158F6C77}.Release|.NET.ActiveCfg = Debug|.NET
		{350594A0-0C6F-49F2-A393-4EE7158F6C77}.Release|.NET.Build.0 = Debug|.NET
		{350594A0-0C6F-49F2-A393-4EE7158F6C77}.Release|Any CPU.ActiveCfg = Debug|.NET
		{350594A0-0C6F-49F2-A393-4EE7158F6C77}.Release|Mixed Platforms.ActiveCfg = Debug|.NET
		{350594A0-0C6F-49F2-A393-4EE7158F6C77}.Release|Mixed Platforms.Build.0 = Debug|.NET
	EndGlobalSection
	GlobalSection(SolutionProperties) = preSolution
		HideSolutionNode = FALSE
	EndGlobalSection
EndGlobal
